
Microsoft Visual Studio Solution File, Format Version 12.00
# Visual Studio 15
VisualStudioVersion = 15.0.27130.2036
MinimumVisualStudioVersion = 10.0.40219.1
Project("{FAE04EC0-301F-11D3-BF4B-00C04F79EFBC}") = "Lab7", "Lab7\Lab7.csproj", "{9E28C53B-FB6C-439F-8841-38B3C0A1C3A3}"
EndProject
Global
	GlobalSection(SolutionConfigurationPlatforms) = preSolution
		Debug|Any CPU = Debug|Any CPU
		Release|Any CPU = Release|Any CPU
	EndGlobalSection
	GlobalSection(ProjectConfigurationPlatforms) = postSolution
		{9E28C53B-FB6C-439F-8841-38B3C0A1C3A3}.Debug|Any CPU.ActiveCfg = Debug|Any CPU
		{9E28C53B-FB6C-439F-8841-38B3C0A1C3A3}.Debug|Any CPU.Build.0 = Debug|Any CPU
		{9E28C53B-FB6C-439F-8841-38B3C0A1C3A3}.Release|Any CPU.ActiveCfg = Release|Any CPU
		{9E28C53B-FB6C-439F-8841-38B3C0A1C3A3}.Release|Any CPU.Build.0 = Release|Any CPU
	EndGlobalSection
	GlobalSection(SolutionProperties) = preSolution
		HideSolutionNode = FALSE
	EndGlobalSection
	GlobalSection(ExtensibilityGlobals) = postSolution
		SolutionGuid = {E2EAEBE4-1712-4A8C-87C2-CD84D7807976}
	EndGlobalSection
EndGlobal
